
Microsoft Visual Studio Solution File, Format Version 12.00
# Visual Studio Version 17
VisualStudioVersion = 17.14.36811.4
MinimumVisualStudioVersion = 10.0.40219.1
Project("{FAE04EC0-301F-11D3-BF4B-00C04F79EFBC}") = "Utilidades", "Utilidades\Utilidades.csproj", "{A3727F44-AA5C-4E50-B3E8-A2BFF07D06DD}"
EndProject
Project("{FAE04EC0-301F-11D3-BF4B-00C04F79EFBC}") = "Estudiantes", "Estudiante\Estudiantes.csproj", "{1A2A8EBD-A00E-4B35-AC6E-76942A219FE7}"
EndProject
Project("{FAE04EC0-301F-11D3-BF4B-00C04F79EFBC}") = "Program", "Program1\Program.csproj", "{DED4B7C6-B366-4A86-AEA5-06453A22F4FF}"
EndProject
Global
	GlobalSection(SolutionConfigurationPlatforms) = preSolution
		Debug|Any CPU = Debug|Any CPU
		Release|Any CPU = Release|Any CPU
	EndGlobalSection
	GlobalSection(ProjectConfigurationPlatforms) = postSolution
		{A3727F44-AA5C-4E50-B3E8-A2BFF07D06DD}.Debug|Any CPU.ActiveCfg = Debug|Any CPU
		{A3727F44-AA5C-4E50-B3E8-A2BFF07D06DD}.Debug|Any CPU.Build.0 = Debug|Any CPU
		{A3727F44-AA5C-4E50-B3E8-A2BFF07D06DD}.Release|Any CPU.ActiveCfg = Release|Any CPU
		{A3727F44-AA5C-4E50-B3E8-A2BFF07D06DD}.Release|Any CPU.Build.0 = Release|Any CPU
		{1A2A8EBD-A00E-4B35-AC6E-76942A219FE7}.Debug|Any CPU.ActiveCfg = Debug|Any CPU
		{1A2A8EBD-A00E-4B35-AC6E-76942A219FE7}.Debug|Any CPU.Build.0 = Debug|Any CPU
		{1A2A8EBD-A00E-4B35-AC6E-76942A219FE7}.Release|Any CPU.ActiveCfg = Release|Any CPU
		{1A2A8EBD-A00E-4B35-AC6E-76942A219FE7}.Release|Any CPU.Build.0 = Release|Any CPU
		{DED4B7C6-B366-4A86-AEA5-06453A22F4FF}.Debug|Any CPU.ActiveCfg = Debug|Any CPU
		{DED4B7C6-B366-4A86-AEA5-06453A22F4FF}.Debug|Any CPU.Build.0 = Debug|Any CPU
		{DED4B7C6-B366-4A86-AEA5-06453A22F4FF}.Release|Any CPU.ActiveCfg = Release|Any CPU
		{DED4B7C6-B366-4A86-AEA5-06453A22F4FF}.Release|Any CPU.Build.0 = Release|Any CPU
	EndGlobalSection
	GlobalSection(SolutionProperties) = preSolution
		HideSolutionNode = FALSE
	EndGlobalSection
	GlobalSection(ExtensibilityGlobals) = postSolution
		SolutionGuid = {6613440B-9C00-40B2-96ED-7E8223A0D6B5}
	EndGlobalSection
EndGlobal
